
Microsoft Visual Studio Solution File, Format Version 12.00
# Visual Studio Version 17
VisualStudioVersion = 17.9.34728.123
MinimumVisualStudioVersion = 10.0.40219.1
Project("{FAE04EC0-301F-11D3-BF4B-00C04F79EFBC}") = "TaskList", "TaskList\TaskList.csproj", "{BCEB8435-EAE9-484E-9C3A-52F1A9DA7462}"
EndProject
Global
	GlobalSection(SolutionConfigurationPlatforms) = preSolution
		Debug|Any CPU = Debug|Any CPU
		Release|Any CPU = Release|Any CPU
	EndGlobalSection
	GlobalSection(ProjectConfigurationPlatforms) = postSolution
		{BCEB8435-EAE9-484E-9C3A-52F1A9DA7462}.Debug|Any CPU.ActiveCfg = Debug|Any CPU
		{BCEB8435-EAE9-484E-9C3A-52F1A9DA7462}.Debug|Any CPU.Build.0 = Debug|Any CPU
		{BCEB8435-EAE9-484E-9C3A-52F1A9DA7462}.Release|Any CPU.ActiveCfg = Release|Any CPU
		{BCEB8435-EAE9-484E-9C3A-52F1A9DA7462}.Release|Any CPU.Build.0 = Release|Any CPU
	EndGlobalSection
	GlobalSection(SolutionProperties) = preSolution
		HideSolutionNode = FALSE
	EndGlobalSection
	GlobalSection(ExtensibilityGlobals) = postSolution
		SolutionGuid = {39B7287B-E6B8-44B3-B440-93B0C0D5182E}
	EndGlobalSection
EndGlobal
